// !$*UTF8*$!
{
	archiveVersion = 1;
	classes = {
	};
	objectVersion = 46;
	objects = {

/* Begin PBXBuildFile section */
		C37812081CB4264200095856 /* HumanShattle.m in Sources */ = {isa = PBXBuildFile; fileRef = C37812071CB4264200095856 /* HumanShattle.m */; };
		C378120B1CB4271200095856 /* UFOShattle.m in Sources */ = {isa = PBXBuildFile; fileRef = C378120A1CB4271200095856 /* UFOShattle.m */; };
		C378120E1CB4276B00095856 /* UFOShattleAdapter.m in Sources */ = {isa = PBXBuildFile; fileRef = C378120D1CB4276B00095856 /* UFOShattleAdapter.m */; };
		C37812111CB4293400095856 /* AdaperClent.m in Sources */ = {isa = PBXBuildFile; fileRef = C37812101CB4293400095856 /* AdaperClent.m */; };
		C3973F091CB298B80031F832 /* main.m in Sources */ = {isa = PBXBuildFile; fileRef = C3973F081CB298B80031F832 /* main.m */; };
		C3973F121CB299100031F832 /* SingletonObj.m in Sources */ = {isa = PBXBuildFile; fileRef = C3973F111CB299100031F832 /* SingletonObj.m */; };
		C3973F161CB29ACB0031F832 /* Drow.m in Sources */ = {isa = PBXBuildFile; fileRef = C3973F151CB29ACB0031F832 /* Drow.m */; };
		C3973F191CB29B900031F832 /* Circle.m in Sources */ = {isa = PBXBuildFile; fileRef = C3973F181CB29B900031F832 /* Circle.m */; };
		C3973F1F1CB29C2E0031F832 /* Rectangle.m in Sources */ = {isa = PBXBuildFile; fileRef = C3973F1E1CB29C2E0031F832 /* Rectangle.m */; };
		C3973F221CB29CCF0031F832 /* FactMethod.m in Sources */ = {isa = PBXBuildFile; fileRef = C3973F211CB29CCF0031F832 /* FactMethod.m */; };
/* End PBXBuildFile section */

/* Begin PBXCopyFilesBuildPhase section */
		C3973F031CB298B80031F832 /* CopyFiles */ = {
			isa = PBXCopyFilesBuildPhase;
			buildActionMask = 2147483647;
			dstPath = /usr/share/man/man1/;
			dstSubfolderSpec = 0;
			files = (
			);
			runOnlyForDeploymentPostprocessing = 1;
		};
/* End PBXCopyFilesBuildPhase section */

/* Begin PBXFileReference section */
		C37812061CB4264200095856 /* HumanShattle.h */ = {isa = PBXFileReference; fileEncoding = 4; lastKnownFileType = sourcecode.c.h; path = HumanShattle.h; sourceTree = "<group>"; };
		C37812071CB4264200095856 /* HumanShattle.m */ = {isa = PBXFileReference; fileEncoding = 4; lastKnownFileType = sourcecode.c.objc; path = HumanShattle.m; sourceTree = "<group>"; };
		C37812091CB4271200095856 /* UFOShattle.h */ = {isa = PBXFileReference; fileEncoding = 4; lastKnownFileType = sourcecode.c.h; path = UFOShattle.h; sourceTree = "<group>"; };
		C378120A1CB4271200095856 /* UFOShattle.m */ = {isa = PBXFileReference; fileEncoding = 4; lastKnownFileType = sourcecode.c.objc; path = UFOShattle.m; sourceTree = "<group>"; };
		C378120C1CB4276B00095856 /* UFOShattleAdapter.h */ = {isa = PBXFileReference; fileEncoding = 4; lastKnownFileType = sourcecode.c.h; path = UFOShattleAdapter.h; sourceTree = "<group>"; };
		C378120D1CB4276B00095856 /* UFOShattleAdapter.m */ = {isa = PBXFileReference; fileEncoding = 4; lastKnownFileType = sourcecode.c.objc; path = UFOShattleAdapter.m; sourceTree = "<group>"; };
		C378120F1CB4293400095856 /* AdaperClent.h */ = {isa = PBXFileReference; fileEncoding = 4; lastKnownFileType = sourcecode.c.h; path = AdaperClent.h; sourceTree = "<group>"; };
		C37812101CB4293400095856 /* AdaperClent.m */ = {isa = PBXFileReference; fileEncoding = 4; lastKnownFileType = sourcecode.c.objc; path = AdaperClent.m; sourceTree = "<group>"; };
		C3973F051CB298B80031F832 /* Design_Patterns_ObjC */ = {isa = PBXFileReference; explicitFileType = "compiled.mach-o.executable"; includeInIndex = 0; path = Design_Patterns_ObjC; sourceTree = BUILT_PRODUCTS_DIR; };
		C3973F081CB298B80031F832 /* main.m */ = {isa = PBXFileReference; lastKnownFileType = sourcecode.c.objc; path = main.m; sourceTree = "<group>"; };
		C3973F101CB299100031F832 /* SingletonObj.h */ = {isa = PBXFileReference; fileEncoding = 4; lastKnownFileType = sourcecode.c.h; path = SingletonObj.h; sourceTree = "<group>"; };
		C3973F111CB299100031F832 /* SingletonObj.m */ = {isa = PBXFileReference; fileEncoding = 4; lastKnownFileType = sourcecode.c.objc; path = SingletonObj.m; sourceTree = "<group>"; };
		C3973F141CB29ACB0031F832 /* Drow.h */ = {isa = PBXFileReference; fileEncoding = 4; lastKnownFileType = sourcecode.c.h; path = Drow.h; sourceTree = "<group>"; };
		C3973F151CB29ACB0031F832 /* Drow.m */ = {isa = PBXFileReference; fileEncoding = 4; lastKnownFileType = sourcecode.c.objc; path = Drow.m; sourceTree = "<group>"; };
		C3973F171CB29B900031F832 /* Circle.h */ = {isa = PBXFileReference; fileEncoding = 4; lastKnownFileType = sourcecode.c.h; path = Circle.h; sourceTree = "<group>"; };
		C3973F181CB29B900031F832 /* Circle.m */ = {isa = PBXFileReference; fileEncoding = 4; lastKnownFileType = sourcecode.c.objc; path = Circle.m; sourceTree = "<group>"; };
		C3973F1D1CB29C2E0031F832 /* Rectangle.h */ = {isa = PBXFileReference; fileEncoding = 4; lastKnownFileType = sourcecode.c.h; path = Rectangle.h; sourceTree = "<group>"; };
		C3973F1E1CB29C2E0031F832 /* Rectangle.m */ = {isa = PBXFileReference; fileEncoding = 4; lastKnownFileType = sourcecode.c.objc; path = Rectangle.m; sourceTree = "<group>"; };
		C3973F201CB29CCF0031F832 /* FactMethod.h */ = {isa = PBXFileReference; fileEncoding = 4; lastKnownFileType = sourcecode.c.h; path = FactMethod.h; sourceTree = "<group>"; };
		C3973F211CB29CCF0031F832 /* FactMethod.m */ = {isa = PBXFileReference; fileEncoding = 4; lastKnownFileType = sourcecode.c.objc; path = FactMethod.m; sourceTree = "<group>"; };
/* End PBXFileReference section */

/* Begin PBXFrameworksBuildPhase section */
		C3973F021CB298B80031F832 /* Frameworks */ = {
			isa = PBXFrameworksBuildPhase;
			buildActionMask = 2147483647;
			files = (
			);
			runOnlyForDeploymentPostprocessing = 0;
		};
/* End PBXFrameworksBuildPhase section */

/* Begin PBXGroup section */
		C37812021CB4246700095856 /* Adapter */ = {
			isa = PBXGroup;
			children = (
				C37812061CB4264200095856 /* HumanShattle.h */,
				C37812071CB4264200095856 /* HumanShattle.m */,
				C37812091CB4271200095856 /* UFOShattle.h */,
				C378120A1CB4271200095856 /* UFOShattle.m */,
				C378120C1CB4276B00095856 /* UFOShattleAdapter.h */,
				C378120D1CB4276B00095856 /* UFOShattleAdapter.m */,
				C378120F1CB4293400095856 /* AdaperClent.h */,
				C37812101CB4293400095856 /* AdaperClent.m */,
			);
			name = Adapter;
			sourceTree = "<group>";
		};
		C3973EFC1CB298B80031F832 = {
			isa = PBXGroup;
			children = (
				C3973F071CB298B80031F832 /* Design_Patterns_ObjC */,
				C3973F061CB298B80031F832 /* Products */,
			);
			sourceTree = "<group>";
		};
		C3973F061CB298B80031F832 /* Products */ = {
			isa = PBXGroup;
			children = (
				C3973F051CB298B80031F832 /* Design_Patterns_ObjC */,
			);
			name = Products;
			sourceTree = "<group>";
		};
		C3973F071CB298B80031F832 /* Design_Patterns_ObjC */ = {
			isa = PBXGroup;
			children = (
				C37812021CB4246700095856 /* Adapter */,
				C3973F131CB29A9C0031F832 /* FactoryMethod */,
				C3973F0F1CB298CE0031F832 /* Singltone */,
				C3973F081CB298B80031F832 /* main.m */,
			);
			path = Design_Patterns_ObjC;
			sourceTree = "<group>";
		};
		C3973F0F1CB298CE0031F832 /* Singltone */ = {
			isa = PBXGroup;
			children = (
				C3973F101CB299100031F832 /* SingletonObj.h */,
				C3973F111CB299100031F832 /* SingletonObj.m */,
			);
			name = Singltone;
			sourceTree = "<group>";
		};
		C3973F131CB29A9C0031F832 /* FactoryMethod */ = {
			isa = PBXGroup;
			children = (
				C3973F141CB29ACB0031F832 /* Drow.h */,
				C3973F151CB29ACB0031F832 /* Drow.m */,
				C3973F171CB29B900031F832 /* Circle.h */,
				C3973F181CB29B900031F832 /* Circle.m */,
				C3973F1D1CB29C2E0031F832 /* Rectangle.h */,
				C3973F1E1CB29C2E0031F832 /* Rectangle.m */,
				C3973F201CB29CCF0031F832 /* FactMethod.h */,
				C3973F211CB29CCF0031F832 /* FactMethod.m */,
			);
			name = FactoryMethod;
			sourceTree = "<group>";
		};
/* End PBXGroup section */

/* Begin PBXNativeTarget section */
		C3973F041CB298B80031F832 /* Design_Patterns_ObjC */ = {
			isa = PBXNativeTarget;
			buildConfigurationList = C3973F0C1CB298B80031F832 /* Build configuration list for PBXNativeTarget "Design_Patterns_ObjC" */;
			buildPhases = (
				C3973F011CB298B80031F832 /* Sources */,
				C3973F021CB298B80031F832 /* Frameworks */,
				C3973F031CB298B80031F832 /* CopyFiles */,
			);
			buildRules = (
			);
			dependencies = (
			);
			name = Design_Patterns_ObjC;
			productName = Design_Patterns_ObjC;
			productReference = C3973F051CB298B80031F832 /* Design_Patterns_ObjC */;
			productType = "com.apple.product-type.tool";
		};
/* End PBXNativeTarget section */

/* Begin PBXProject section */
		C3973EFD1CB298B80031F832 /* Project object */ = {
			isa = PBXProject;
			attributes = {
				LastUpgradeCheck = 0730;
				ORGANIZATIONNAME = "Denis Andreev";
				TargetAttributes = {
					C3973F041CB298B80031F832 = {
						CreatedOnToolsVersion = 7.3;
					};
				};
			};
			buildConfigurationList = C3973F001CB298B80031F832 /* Build configuration list for PBXProject "Design_Patterns_ObjC" */;
			compatibilityVersion = "Xcode 3.2";
			developmentRegion = English;
			hasScannedForEncodings = 0;
			knownRegions = (
				en,
			);
			mainGroup = C3973EFC1CB298B80031F832;
			productRefGroup = C3973F061CB298B80031F832 /* Products */;
			projectDirPath = "";
			projectRoot = "";
			targets = (
				C3973F041CB298B80031F832 /* Design_Patterns_ObjC */,
			);
		};
/* End PBXProject section */

/* Begin PBXSourcesBuildPhase section */
		C3973F011CB298B80031F832 /* Sources */ = {
			isa = PBXSourcesBuildPhase;
			buildActionMask = 2147483647;
			files = (
				C3973F221CB29CCF0031F832 /* FactMethod.m in Sources */,
				C3973F161CB29ACB0031F832 /* Drow.m in Sources */,
				C3973F191CB29B900031F832 /* Circle.m in Sources */,
				C3973F091CB298B80031F832 /* main.m in Sources */,
				C3973F121CB299100031F832 /* SingletonObj.m in Sources */,
				C37812111CB4293400095856 /* AdaperClent.m in Sources */,
				C378120E1CB4276B00095856 /* UFOShattleAdapter.m in Sources */,
				C37812081CB4264200095856 /* HumanShattle.m in Sources */,
				C378120B1CB4271200095856 /* UFOShattle.m in Sources */,
				C3973F1F1CB29C2E0031F832 /* Rectangle.m in Sources */,
			);
			runOnlyForDeploymentPostprocessing = 0;
		};
/* End PBXSourcesBuildPhase section */

/* Begin XCBuildConfiguration section */
		C3973F0A1CB298B80031F832 /* Debug */ = {
			isa = XCBuildConfiguration;
			buildSettings = {
				ALWAYS_SEARCH_USER_PATHS = NO;
				CLANG_ANALYZER_NONNULL = YES;
				CLANG_CXX_LANGUAGE_STANDARD = "gnu++0x";
				CLANG_CXX_LIBRARY = "libc++";
				CLANG_ENABLE_MODULES = YES;
				CLANG_ENABLE_OBJC_ARC = YES;
				CLANG_WARN_BOOL_CONVERSION = YES;
				CLANG_WARN_CONSTANT_CONVERSION = YES;
				CLANG_WARN_DIRECT_OBJC_ISA_USAGE = YES_ERROR;
				CLANG_WARN_EMPTY_BODY = YES;
				CLANG_WARN_ENUM_CONVERSION = YES;
				CLANG_WARN_INT_CONVERSION = YES;
				CLANG_WARN_OBJC_ROOT_CLASS = YES_ERROR;
				CLANG_WARN_UNREACHABLE_CODE = YES;
				CLANG_WARN__DUPLICATE_METHOD_MATCH = YES;
				CODE_SIGN_IDENTITY = "-";
				COPY_PHASE_STRIP = NO;
				DEBUG_INFORMATION_FORMAT = dwarf;
				ENABLE_STRICT_OBJC_MSGSEND = YES;
				ENABLE_TESTABILITY = YES;
				GCC_C_LANGUAGE_STANDARD = gnu99;
				GCC_DYNAMIC_NO_PIC = NO;
				GCC_NO_COMMON_BLOCKS = YES;
				GCC_OPTIMIZATION_LEVEL = 0;
				GCC_PREPROCESSOR_DEFINITIONS = (
					"DEBUG=1",
					"$(inherited)",
				);
				GCC_WARN_64_TO_32_BIT_CONVERSION = YES;
				GCC_WARN_ABOUT_RETURN_TYPE = YES_ERROR;
				GCC_WARN_UNDECLARED_SELECTOR = YES;
				GCC_WARN_UNINITIALIZED_AUTOS = YES_AGGRESSIVE;
				GCC_WARN_UNUSED_FUNCTION = YES;
				GCC_WARN_UNUSED_VARIABLE = YES;
				MACOSX_DEPLOYMENT_TARGET = 10.11;
				MTL_ENABLE_DEBUG_INFO = YES;
				ONLY_ACTIVE_ARCH = YES;
				SDKROOT = macosx;
			};
			name = Debug;
		};
		C3973F0B1CB298B80031F832 /* Release */ = {
			isa = XCBuildConfiguration;
			buildSettings = {
				ALWAYS_SEARCH_USER_PATHS = NO;
				CLANG_ANALYZER_NONNULL = YES;
				CLANG_CXX_LANGUAGE_STANDARD = "gnu++0x";
				CLANG_CXX_LIBRARY = "libc++";
				CLANG_ENABLE_MODULES = YES;
				CLANG_ENABLE_OBJC_ARC = YES;
				CLANG_WARN_BOOL_CONVERSION = YES;
				CLANG_WARN_CONSTANT_CONVERSION = YES;
				CLANG_WARN_DIRECT_OBJC_ISA_USAGE = YES_ERROR;
				CLANG_WARN_EMPTY_BODY = YES;
				CLANG_WARN_ENUM_CONVERSION = YES;
				CLANG_WARN_INT_CONVERSION = YES;
				CLANG_WARN_OBJC_ROOT_CLASS = YES_ERROR;
				CLANG_WARN_UNREACHABLE_CODE = YES;
				CLANG_WARN__DUPLICATE_METHOD_MATCH = YES;
				CODE_SIGN_IDENTITY = "-";
				COPY_PHASE_STRIP = NO;
				DEBUG_INFORMATION_FORMAT = "dwarf-with-dsym";
				ENABLE_NS_ASSERTIONS = NO;
				ENABLE_STRICT_OBJC_MSGSEND = YES;
				GCC_C_LANGUAGE_STANDARD = gnu99;
				GCC_NO_COMMON_BLOCKS = YES;
				GCC_WARN_64_TO_32_BIT_CONVERSION = YES;
				GCC_WARN_ABOUT_RETURN_TYPE = YES_ERROR;
				GCC_WARN_UNDECLARED_SELECTOR = YES;
				GCC_WARN_UNINITIALIZED_AUTOS = YES_AGGRESSIVE;
				GCC_WARN_UNUSED_FUNCTION = YES;
				GCC_WARN_UNUSED_VARIABLE = YES;
				MACOSX_DEPLOYMENT_TARGET = 10.11;
				MTL_ENABLE_DEBUG_INFO = NO;
				SDKROOT = macosx;
			};
			name = Release;
		};
		C3973F0D1CB298B80031F832 /* Debug */ = {
			isa = XCBuildConfiguration;
			buildSettings = {
				PRODUCT_NAME = "$(TARGET_NAME)";
			};
			name = Debug;
		};
		C3973F0E1CB298B80031F832 /* Release */ = {
			isa = XCBuildConfiguration;
			buildSettings = {
				PRODUCT_NAME = "$(TARGET_NAME)";
			};
			name = Release;
		};
/* End XCBuildConfiguration section */

/* Begin XCConfigurationList section */
		C3973F001CB298B80031F832 /* Build configuration list for PBXProject "Design_Patterns_ObjC" */ = {
			isa = XCConfigurationList;
			buildConfigurations = (
				C3973F0A1CB298B80031F832 /* Debug */,
				C3973F0B1CB298B80031F832 /* Release */,
			);
			defaultConfigurationIsVisible = 0;
			defaultConfigurationName = Release;
		};
		C3973F0C1CB298B80031F832 /* Build configuration list for PBXNativeTarget "Design_Patterns_ObjC" */ = {
			isa = XCConfigurationList;
			buildConfigurations = (
				C3973F0D1CB298B80031F832 /* Debug */,
				C3973F0E1CB298B80031F832 /* Release */,
			);
			defaultConfigurationIsVisible = 0;
			defaultConfigurationName = Release;
		};
/* End XCConfigurationList section */
	};
	rootObject = C3973EFD1CB298B80031F832 /* Project object */;
}
